{
  "originHash" : "907cb0fa94c9e271831416a1057572a75eb43887bb90e9fad2b4cb909c9a04ca",
  "pins" : [
    {
      "identity" : "rtt_sdk",
      "kind" : "remoteSourceControl",
      "location" : "https://github.com/flitto/rtt_sdk",
      "state" : {
        "revision" : "c8c2905f0d852c3c71757e90a72ad25bc0cc9b64",
        "version" : "0.0.9"
      }
    }
  ],
  "version" : 3
}
